
Microsoft Visual Studio Solution File, Format Version 12.00
# Visual Studio Version 17
VisualStudioVersion = 17.9.34728.123
MinimumVisualStudioVersion = 10.0.40219.1
Project("{FAE04EC0-301F-11D3-BF4B-00C04F79EFBC}") = "calculadora", "calculadora\calculadora.csproj", "{7FD7E764-5D4D-4FA7-B69D-056E5C0912FE}"
EndProject
Global
	GlobalSection(SolutionConfigurationPlatforms) = preSolution
		Debug|Any CPU = Debug|Any CPU
		Release|Any CPU = Release|Any CPU
	EndGlobalSection
	GlobalSection(ProjectConfigurationPlatforms) = postSolution
		{7FD7E764-5D4D-4FA7-B69D-056E5C0912FE}.Debug|Any CPU.ActiveCfg = Debug|Any CPU
		{7FD7E764-5D4D-4FA7-B69D-056E5C0912FE}.Debug|Any CPU.Build.0 = Debug|Any CPU
		{7FD7E764-5D4D-4FA7-B69D-056E5C0912FE}.Release|Any CPU.ActiveCfg = Release|Any CPU
		{7FD7E764-5D4D-4FA7-B69D-056E5C0912FE}.Release|Any CPU.Build.0 = Release|Any CPU
	EndGlobalSection
	GlobalSection(SolutionProperties) = preSolution
		HideSolutionNode = FALSE
	EndGlobalSection
	GlobalSection(ExtensibilityGlobals) = postSolution
		SolutionGuid = {5457317A-5A18-48DB-8D11-8C8A417B8E5A}
	EndGlobalSection
EndGlobal
